// !$*UTF8*$!
{
	archiveVersion = 1;
	classes = {
	};
	objectVersion = 77;
	objects = {

/* Begin PBXBuildFile section */
		430B6B092F8397A000F328AD /* Bundle.swift in Sources */ = {isa = PBXBuildFile; fileRef = 430B6B082F83979C00F328AD /* Bundle.swift */; };
		430B6B0D2F8504DF00F328AD /* Alert.swift in Sources */ = {isa = PBXBuildFile; fileRef = 430B6B0C2F8503B100F328AD /* Alert.swift */; };
		438DDD512F87498A004CF4E0 /* Localizable.xcstrings in Resources */ = {isa = PBXBuildFile; fileRef = 438DDD502F87498A004CF4E0 /* Localizable.xcstrings */; };
		439FC1DC2F7AA3F500DF76D0 /* Mounter.swift in Sources */ = {isa = PBXBuildFile; fileRef = 439FC1D92F7AA3F500DF76D0 /* Mounter.swift */; };
		439FC1DE2F7AA66100DF76D0 /* MFMount.h in Headers */ = {isa = PBXBuildFile; fileRef = 439FC1DD2F7AA65300DF76D0 /* MFMount.h */; settings = {ATTRIBUTES = (Public, ); }; };
		439FC1F12F7C8CEC00DF76D0 /* Variant.swift.preprocess in Sources */ = {isa = PBXBuildFile; fileRef = 439FC1F02F7C8CE900DF76D0 /* Variant.swift.preprocess */; };
		439FC1F42F7C8EAB00DF76D0 /* Logger.swift in Sources */ = {isa = PBXBuildFile; fileRef = 439FC1F32F7C8EA900DF76D0 /* Logger.swift */; };
		439FC1F82F7EBFA400DF76D0 /* Framework.swift in Sources */ = {isa = PBXBuildFile; fileRef = 439FC1F72F7EBF9F00DF76D0 /* Framework.swift */; };
		439FC1FA2F7EC26B00DF76D0 /* Parameters.swift in Sources */ = {isa = PBXBuildFile; fileRef = 439FC1F92F7EC26700DF76D0 /* Parameters.swift */; };
/* End PBXBuildFile section */

/* Begin PBXBuildRule section */
		439FC1F22F7C8D6C00DF76D0 /* PBXBuildRule */ = {
			isa = PBXBuildRule;
			compilerSpec = com.apple.compilers.proxy.script;
			filePatterns = "*.swift.preprocess";
			fileType = pattern.proxy;
			inputFiles = (
			);
			isEditable = 1;
			outputFiles = (
				"$(DERIVED_SOURCES_DIR)/$(INPUT_FILE_BASE)",
			);
			runOncePerArchitecture = 0;
			script = "/usr/bin/awk '\n    {\n        i = match($0, /\\$\\([a-zA-Z_][0-9a-zA-Z_]*\\)/)\n        while (i > 0) {\n            s = substr($0, i+2)\n            n = substr(s, 1, index(s, \")\") - 1)\n            gsub(\"\\\\$\\\\(\" n \"\\\\)\", ENVIRON[n], $0)\n                \n            i = match($0, /\\$\\([a-zA-Z_][0-9a-zA-Z_]*\\)/)\n        }\n        print $0\n    }' \"${SCRIPT_INPUT_FILE}\" > \"${SCRIPT_OUTPUT_FILE_0}\"\n";
		};
/* End PBXBuildRule section */

/* Begin PBXFileReference section */
		430B6B082F83979C00F328AD /* Bundle.swift */ = {isa = PBXFileReference; lastKnownFileType = sourcecode.swift; path = Bundle.swift; sourceTree = "<group>"; };
		430B6B0C2F8503B100F328AD /* Alert.swift */ = {isa = PBXFileReference; lastKnownFileType = sourcecode.swift; path = Alert.swift; sourceTree = "<group>"; };
		438577EA2F4DD01600EA4DB0 /* MFFoundation.framework */ = {isa = PBXFileReference; explicitFileType = wrapper.framework; path = MFFoundation.framework; sourceTree = BUILT_PRODUCTS_DIR; };
		438577EC2F4DD01900EA4DB0 /* MFXPC.framework */ = {isa = PBXFileReference; explicitFileType = wrapper.framework; path = MFXPC.framework; sourceTree = BUILT_PRODUCTS_DIR; };
		438DDD502F87498A004CF4E0 /* Localizable.xcstrings */ = {isa = PBXFileReference; lastKnownFileType = text.json.xcstrings; path = Localizable.xcstrings; sourceTree = "<group>"; };
		439FC1CE2F7AA3E100DF76D0 /* MFMount.framework */ = {isa = PBXFileReference; explicitFileType = wrapper.framework; includeInIndex = 0; path = MFMount.framework; sourceTree = BUILT_PRODUCTS_DIR; };
		439FC1D92F7AA3F500DF76D0 /* Mounter.swift */ = {isa = PBXFileReference; lastKnownFileType = sourcecode.swift; path = Mounter.swift; sourceTree = "<group>"; };
		439FC1DD2F7AA65300DF76D0 /* MFMount.h */ = {isa = PBXFileReference; lastKnownFileType = sourcecode.c.h; path = MFMount.h; sourceTree = "<group>"; };
		439FC1F02F7C8CE900DF76D0 /* Variant.swift.preprocess */ = {isa = PBXFileReference; explicitFileType = sourcecode.swift; path = Variant.swift.preprocess; sourceTree = "<group>"; };
		439FC1F32F7C8EA900DF76D0 /* Logger.swift */ = {isa = PBXFileReference; lastKnownFileType = sourcecode.swift; path = Logger.swift; sourceTree = "<group>"; };
		439FC1F72F7EBF9F00DF76D0 /* Framework.swift */ = {isa = PBXFileReference; lastKnownFileType = sourcecode.swift; path = Framework.swift; sourceTree = "<group>"; };
		439FC1F92F7EC26700DF76D0 /* Parameters.swift */ = {isa = PBXFileReference; lastKnownFileType = sourcecode.swift; path = Parameters.swift; sourceTree = "<group>"; };
/* End PBXFileReference section */

/* Begin PBXFrameworksBuildPhase section */
		439FC1CB2F7AA3E100DF76D0 /* Frameworks */ = {
			isa = PBXFrameworksBuildPhase;
			buildActionMask = 2147483647;
			files = (
			);
			runOnlyForDeploymentPostprocessing = 0;
		};
/* End PBXFrameworksBuildPhase section */

/* Begin PBXGroup section */
		430B6B0A2F8397A500F328AD /* Foundation */ = {
			isa = PBXGroup;
			children = (
				430B6B082F83979C00F328AD /* Bundle.swift */,
			);
			path = Foundation;
			sourceTree = "<group>";
		};
		430B6B0B2F85032B00F328AD /* Common */ = {
			isa = PBXGroup;
			children = (
				439FC1F02F7C8CE900DF76D0 /* Variant.swift.preprocess */,
			);
			path = Common;
			sourceTree = "<group>";
		};
		438577D42F4DCFD600EA4DB0 = {
			isa = PBXGroup;
			children = (
				439FC1DA2F7AA3F500DF76D0 /* Mount */,
				438577E92F4DD01600EA4DB0 /* Frameworks */,
				438577DE2F4DCFD600EA4DB0 /* Products */,
			);
			sourceTree = "<group>";
		};
		438577DE2F4DCFD600EA4DB0 /* Products */ = {
			isa = PBXGroup;
			children = (
				439FC1CE2F7AA3E100DF76D0 /* MFMount.framework */,
			);
			name = Products;
			sourceTree = "<group>";
		};
		438577E92F4DD01600EA4DB0 /* Frameworks */ = {
			isa = PBXGroup;
			children = (
				438577EA2F4DD01600EA4DB0 /* MFFoundation.framework */,
				438577EC2F4DD01900EA4DB0 /* MFXPC.framework */,
			);
			name = Frameworks;
			sourceTree = "<group>";
		};
		439FC1DA2F7AA3F500DF76D0 /* Mount */ = {
			isa = PBXGroup;
			children = (
				439FC1DD2F7AA65300DF76D0 /* MFMount.h */,
				430B6B0B2F85032B00F328AD /* Common */,
				439FC1F52F7D493900DF76D0 /* Extensions */,
				430B6B0C2F8503B100F328AD /* Alert.swift */,
				439FC1F72F7EBF9F00DF76D0 /* Framework.swift */,
				439FC1D92F7AA3F500DF76D0 /* Mounter.swift */,
				439FC1F92F7EC26700DF76D0 /* Parameters.swift */,
				438DDD502F87498A004CF4E0 /* Localizable.xcstrings */,
			);
			path = Mount;
			sourceTree = "<group>";
		};
		439FC1F52F7D493900DF76D0 /* Extensions */ = {
			isa = PBXGroup;
			children = (
				430B6B0A2F8397A500F328AD /* Foundation */,
				439FC1F62F7D494400DF76D0 /* OSLog */,
			);
			path = Extensions;
			sourceTree = "<group>";
		};
		439FC1F62F7D494400DF76D0 /* OSLog */ = {
			isa = PBXGroup;
			children = (
				439FC1F32F7C8EA900DF76D0 /* Logger.swift */,
			);
			path = OSLog;
			sourceTree = "<group>";
		};
/* End PBXGroup section */

/* Begin PBXHeadersBuildPhase section */
		439FC1C92F7AA3E100DF76D0 /* Headers */ = {
			isa = PBXHeadersBuildPhase;
			buildActionMask = 2147483647;
			files = (
				439FC1DE2F7AA66100DF76D0 /* MFMount.h in Headers */,
			);
			runOnlyForDeploymentPostprocessing = 0;
		};
/* End PBXHeadersBuildPhase section */

/* Begin PBXNativeTarget section */
		439FC1CD2F7AA3E100DF76D0 /* Mount */ = {
			isa = PBXNativeTarget;
			buildConfigurationList = 439FC1D62F7AA3E100DF76D0 /* Build configuration list for PBXNativeTarget "Mount" */;
			buildPhases = (
				439FC1C92F7AA3E100DF76D0 /* Headers */,
				439FC1CA2F7AA3E100DF76D0 /* Sources */,
				439FC1CB2F7AA3E100DF76D0 /* Frameworks */,
				439FC1CC2F7AA3E100DF76D0 /* Resources */,
			);
			buildRules = (
				439FC1F22F7C8D6C00DF76D0 /* PBXBuildRule */,
			);
			dependencies = (
			);
			name = Mount;
			packageProductDependencies = (
			);
			productName = Mounter;
			productReference = 439FC1CE2F7AA3E100DF76D0 /* MFMount.framework */;
			productType = "com.apple.product-type.framework";
		};
/* End PBXNativeTarget section */

/* Begin PBXProject section */
		438577D52F4DCFD600EA4DB0 /* Project object */ = {
			isa = PBXProject;
			attributes = {
				BuildIndependentTargetsInParallel = 1;
				LastSwiftUpdateCheck = 2640;
				LastUpgradeCheck = 2640;
				TargetAttributes = {
					439FC1CD2F7AA3E100DF76D0 = {
						CreatedOnToolsVersion = 26.4;
					};
				};
			};
			buildConfigurationList = 438577D82F4DCFD600EA4DB0 /* Build configuration list for PBXProject "Mount" */;
			developmentRegion = en;
			hasScannedForEncodings = 0;
			knownRegions = (
				en,
				Base,
				de,
			);
			mainGroup = 438577D42F4DCFD600EA4DB0;
			minimizedProjectReferenceProxies = 1;
			preferredProjectObjectVersion = 77;
			productRefGroup = 438577DE2F4DCFD600EA4DB0 /* Products */;
			projectDirPath = "";
			projectRoot = "";
			targets = (
				439FC1CD2F7AA3E100DF76D0 /* Mount */,
			);
		};
/* End PBXProject section */

/* Begin PBXResourcesBuildPhase section */
		439FC1CC2F7AA3E100DF76D0 /* Resources */ = {
			isa = PBXResourcesBuildPhase;
			buildActionMask = 2147483647;
			files = (
				438DDD512F87498A004CF4E0 /* Localizable.xcstrings in Resources */,
			);
			runOnlyForDeploymentPostprocessing = 0;
		};
/* End PBXResourcesBuildPhase section */

/* Begin PBXSourcesBuildPhase section */
		439FC1CA2F7AA3E100DF76D0 /* Sources */ = {
			isa = PBXSourcesBuildPhase;
			buildActionMask = 2147483647;
			files = (
				430B6B092F8397A000F328AD /* Bundle.swift in Sources */,
				439FC1FA2F7EC26B00DF76D0 /* Parameters.swift in Sources */,
				439FC1F12F7C8CEC00DF76D0 /* Variant.swift.preprocess in Sources */,
				439FC1F82F7EBFA400DF76D0 /* Framework.swift in Sources */,
				439FC1DC2F7AA3F500DF76D0 /* Mounter.swift in Sources */,
				439FC1F42F7C8EAB00DF76D0 /* Logger.swift in Sources */,
				430B6B0D2F8504DF00F328AD /* Alert.swift in Sources */,
			);
			runOnlyForDeploymentPostprocessing = 0;
		};
/* End PBXSourcesBuildPhase section */

/* Begin XCBuildConfiguration section */
		438577E22F4DCFD600EA4DB0 /* Debug */ = {
			isa = XCBuildConfiguration;
			buildSettings = {
				ALWAYS_SEARCH_USER_PATHS = NO;
				ASSETCATALOG_COMPILER_GENERATE_SWIFT_ASSET_SYMBOL_EXTENSIONS = YES;
				CLANG_ANALYZER_NONNULL = YES;
				CLANG_ANALYZER_NUMBER_OBJECT_CONVERSION = YES_AGGRESSIVE;
				CLANG_CXX_LANGUAGE_STANDARD = "gnu++20";
				CLANG_ENABLE_MODULES = YES;
				CLANG_ENABLE_OBJC_ARC = YES;
				CLANG_ENABLE_OBJC_WEAK = YES;
				CLANG_WARN_BLOCK_CAPTURE_AUTORELEASING = YES;
				CLANG_WARN_BOOL_CONVERSION = YES;
				CLANG_WARN_COMMA = YES;
				CLANG_WARN_CONSTANT_CONVERSION = YES;
				CLANG_WARN_DEPRECATED_OBJC_IMPLEMENTATIONS = YES;
				CLANG_WARN_DIRECT_OBJC_ISA_USAGE = YES_ERROR;
				CLANG_WARN_DOCUMENTATION_COMMENTS = YES;
				CLANG_WARN_EMPTY_BODY = YES;
				CLANG_WARN_ENUM_CONVERSION = YES;
				CLANG_WARN_INFINITE_RECURSION = YES;
				CLANG_WARN_INT_CONVERSION = YES;
				CLANG_WARN_NON_LITERAL_NULL_CONVERSION = YES;
				CLANG_WARN_OBJC_IMPLICIT_RETAIN_SELF = YES;
				CLANG_WARN_OBJC_LITERAL_CONVERSION = YES;
				CLANG_WARN_OBJC_ROOT_CLASS = YES_ERROR;
				CLANG_WARN_QUOTED_INCLUDE_IN_FRAMEWORK_HEADER = YES;
				CLANG_WARN_RANGE_LOOP_ANALYSIS = YES;
				CLANG_WARN_STRICT_PROTOTYPES = YES;
				CLANG_WARN_SUSPICIOUS_MOVE = YES;
				CLANG_WARN_UNGUARDED_AVAILABILITY = YES_AGGRESSIVE;
				CLANG_WARN_UNREACHABLE_CODE = YES;
				CLANG_WARN__DUPLICATE_METHOD_MATCH = YES;
				COPY_PHASE_STRIP = NO;
				DEAD_CODE_STRIPPING = YES;
				DEBUG_INFORMATION_FORMAT = dwarf;
				DEVELOPMENT_TEAM = 3T5GSNBU6W;
				ENABLE_STRICT_OBJC_MSGSEND = YES;
				ENABLE_TESTABILITY = YES;
				ENABLE_USER_SCRIPT_SANDBOXING = YES;
				FUSE_BUNDLE_IDENTIFIER_PREFIX = io.macfuse;
				FUSE_DISPLAY_NAME = macFUSE;
				FUSE_MOUNT_MACHSERVICE = io.macfuse.mount;
				FUSE_NAME = macfuse;
				FUSE_PRODUCT_NAME = "$(FUSE_DISPLAY_NAME)";
				GCC_C_LANGUAGE_STANDARD = gnu17;
				GCC_DYNAMIC_NO_PIC = NO;
				GCC_NO_COMMON_BLOCKS = YES;
				GCC_OPTIMIZATION_LEVEL = 0;
				GCC_PREPROCESSOR_DEFINITIONS = (
					"DEBUG=1",
					"$(inherited)",
				);
				GCC_WARN_64_TO_32_BIT_CONVERSION = YES;
				GCC_WARN_ABOUT_RETURN_TYPE = YES_ERROR;
				GCC_WARN_UNDECLARED_SELECTOR = YES;
				GCC_WARN_UNINITIALIZED_AUTOS = YES_AGGRESSIVE;
				GCC_WARN_UNUSED_FUNCTION = YES;
				GCC_WARN_UNUSED_VARIABLE = YES;
				LOCALIZATION_PREFERS_STRING_CATALOGS = YES;
				MACOSX_DEPLOYMENT_TARGET = 12.0;
				MTL_ENABLE_DEBUG_INFO = INCLUDE_SOURCE;
				MTL_FAST_MATH = YES;
				ONLY_ACTIVE_ARCH = YES;
				SDKROOT = macosx;
				STRING_CATALOG_GENERATE_SYMBOLS = YES;
				SWIFT_ACTIVE_COMPILATION_CONDITIONS = "DEBUG $(inherited)";
				SWIFT_EMIT_LOC_STRINGS = YES;
				SWIFT_OPTIMIZATION_LEVEL = "-Onone";
				VALID_ARCHS = "arm64 x86_64";
			};
			name = Debug;
		};
		438577E32F4DCFD600EA4DB0 /* Release */ = {
			isa = XCBuildConfiguration;
			buildSettings = {
				ALWAYS_SEARCH_USER_PATHS = NO;
				ASSETCATALOG_COMPILER_GENERATE_SWIFT_ASSET_SYMBOL_EXTENSIONS = YES;
				CLANG_ANALYZER_NONNULL = YES;
				CLANG_ANALYZER_NUMBER_OBJECT_CONVERSION = YES_AGGRESSIVE;
				CLANG_CXX_LANGUAGE_STANDARD = "gnu++20";
				CLANG_ENABLE_MODULES = YES;
				CLANG_ENABLE_OBJC_ARC = YES;
				CLANG_ENABLE_OBJC_WEAK = YES;
				CLANG_WARN_BLOCK_CAPTURE_AUTORELEASING = YES;
				CLANG_WARN_BOOL_CONVERSION = YES;
				CLANG_WARN_COMMA = YES;
				CLANG_WARN_CONSTANT_CONVERSION = YES;
				CLANG_WARN_DEPRECATED_OBJC_IMPLEMENTATIONS = YES;
				CLANG_WARN_DIRECT_OBJC_ISA_USAGE = YES_ERROR;
				CLANG_WARN_DOCUMENTATION_COMMENTS = YES;
				CLANG_WARN_EMPTY_BODY = YES;
				CLANG_WARN_ENUM_CONVERSION = YES;
				CLANG_WARN_INFINITE_RECURSION = YES;
				CLANG_WARN_INT_CONVERSION = YES;
				CLANG_WARN_NON_LITERAL_NULL_CONVERSION = YES;
				CLANG_WARN_OBJC_IMPLICIT_RETAIN_SELF = YES;
				CLANG_WARN_OBJC_LITERAL_CONVERSION = YES;
				CLANG_WARN_OBJC_ROOT_CLASS = YES_ERROR;
				CLANG_WARN_QUOTED_INCLUDE_IN_FRAMEWORK_HEADER = YES;
				CLANG_WARN_RANGE_LOOP_ANALYSIS = YES;
				CLANG_WARN_STRICT_PROTOTYPES = YES;
				CLANG_WARN_SUSPICIOUS_MOVE = YES;
				CLANG_WARN_UNGUARDED_AVAILABILITY = YES_AGGRESSIVE;
				CLANG_WARN_UNREACHABLE_CODE = YES;
				CLANG_WARN__DUPLICATE_METHOD_MATCH = YES;
				CODE_SIGN_INJECT_BASE_ENTITLEMENTS = NO;
				COPY_PHASE_STRIP = NO;
				DEAD_CODE_STRIPPING = YES;
				DEBUG_INFORMATION_FORMAT = "dwarf-with-dsym";
				DEVELOPMENT_TEAM = 3T5GSNBU6W;
				ENABLE_NS_ASSERTIONS = NO;
				ENABLE_STRICT_OBJC_MSGSEND = YES;
				ENABLE_USER_SCRIPT_SANDBOXING = YES;
				FUSE_BUNDLE_IDENTIFIER_PREFIX = io.macfuse;
				FUSE_DISPLAY_NAME = macFUSE;
				FUSE_MOUNT_MACHSERVICE = io.macfuse.mount;
				FUSE_NAME = macfuse;
				FUSE_PRODUCT_NAME = "$(FUSE_DISPLAY_NAME)";
				GCC_C_LANGUAGE_STANDARD = gnu17;
				GCC_NO_COMMON_BLOCKS = YES;
				GCC_WARN_64_TO_32_BIT_CONVERSION = YES;
				GCC_WARN_ABOUT_RETURN_TYPE = YES_ERROR;
				GCC_WARN_UNDECLARED_SELECTOR = YES;
				GCC_WARN_UNINITIALIZED_AUTOS = YES_AGGRESSIVE;
				GCC_WARN_UNUSED_FUNCTION = YES;
				GCC_WARN_UNUSED_VARIABLE = YES;
				LOCALIZATION_PREFERS_STRING_CATALOGS = YES;
				MACOSX_DEPLOYMENT_TARGET = 12.0;
				MTL_ENABLE_DEBUG_INFO = NO;
				MTL_FAST_MATH = YES;
				OTHER_CODE_SIGN_FLAGS = "--timestamp";
				SDKROOT = macosx;
				STRING_CATALOG_GENERATE_SYMBOLS = YES;
				SWIFT_COMPILATION_MODE = wholemodule;
				SWIFT_EMIT_LOC_STRINGS = YES;
				VALID_ARCHS = "arm64 x86_64";
			};
			name = Release;
		};
		439FC1D42F7AA3E100DF76D0 /* Debug */ = {
			isa = XCBuildConfiguration;
			buildSettings = {
				BUILD_LIBRARY_FOR_DISTRIBUTION = YES;
				CODE_SIGN_IDENTITY = "Developer ID Application";
				CODE_SIGN_STYLE = Manual;
				COMBINE_HIDPI_IMAGES = YES;
				CURRENT_PROJECT_VERSION = 1;
				DEFINES_MODULE = YES;
				DYLIB_COMPATIBILITY_VERSION = 1;
				DYLIB_CURRENT_VERSION = 1;
				ENABLE_MODULE_VERIFIER = YES;
				GENERATE_INFOPLIST_FILE = YES;
				INFOPLIST_KEY_NSHumanReadableCopyright = "";
				INSTALL_PATH = "$(LOCAL_LIBRARY_DIR)/Filesystems/macfuse.fs/Contents/Frameworks";
				LD_RUNPATH_SEARCH_PATHS = (
					"$(inherited)",
					"@executable_path/../Frameworks",
					"@loader_path/Frameworks",
				);
				MARKETING_VERSION = 1.0;
				MODULE_VERIFIER_SUPPORTED_LANGUAGES = "objective-c objective-c++";
				MODULE_VERIFIER_SUPPORTED_LANGUAGE_STANDARDS = "gnu17 gnu++20";
				PRODUCT_BUNDLE_IDENTIFIER = io.macfuse.frameworks.mount;
				PRODUCT_NAME = "MF$(TARGET_NAME:c99extidentifier)";
				SKIP_INSTALL = YES;
				SWIFT_APPROACHABLE_CONCURRENCY = YES;
				SWIFT_EMIT_LOC_STRINGS = YES;
				SWIFT_INSTALL_MODULE = YES;
				SWIFT_INSTALL_OBJC_HEADER = NO;
				SWIFT_UPCOMING_FEATURE_MEMBER_IMPORT_VISIBILITY = YES;
				SWIFT_VERSION = 6.0;
				VERSIONING_SYSTEM = "apple-generic";
				VERSION_INFO_PREFIX = "";
			};
			name = Debug;
		};
		439FC1D52F7AA3E100DF76D0 /* Release */ = {
			isa = XCBuildConfiguration;
			buildSettings = {
				BUILD_LIBRARY_FOR_DISTRIBUTION = YES;
				CODE_SIGN_IDENTITY = "Developer ID Application";
				CODE_SIGN_STYLE = Manual;
				COMBINE_HIDPI_IMAGES = YES;
				CURRENT_PROJECT_VERSION = 1;
				DEFINES_MODULE = YES;
				DYLIB_COMPATIBILITY_VERSION = 1;
				DYLIB_CURRENT_VERSION = 1;
				ENABLE_MODULE_VERIFIER = YES;
				GENERATE_INFOPLIST_FILE = YES;
				INFOPLIST_KEY_NSHumanReadableCopyright = "";
				INSTALL_PATH = "$(LOCAL_LIBRARY_DIR)/Filesystems/macfuse.fs/Contents/Frameworks";
				LD_RUNPATH_SEARCH_PATHS = (
					"$(inherited)",
					"@executable_path/../Frameworks",
					"@loader_path/Frameworks",
				);
				MARKETING_VERSION = 1.0;
				MODULE_VERIFIER_SUPPORTED_LANGUAGES = "objective-c objective-c++";
				MODULE_VERIFIER_SUPPORTED_LANGUAGE_STANDARDS = "gnu17 gnu++20";
				PRODUCT_BUNDLE_IDENTIFIER = io.macfuse.frameworks.mount;
				PRODUCT_NAME = "MF$(TARGET_NAME:c99extidentifier)";
				SKIP_INSTALL = YES;
				SWIFT_APPROACHABLE_CONCURRENCY = YES;
				SWIFT_EMIT_LOC_STRINGS = YES;
				SWIFT_INSTALL_MODULE = YES;
				SWIFT_INSTALL_OBJC_HEADER = NO;
				SWIFT_UPCOMING_FEATURE_MEMBER_IMPORT_VISIBILITY = YES;
				SWIFT_VERSION = 6.0;
				VERSIONING_SYSTEM = "apple-generic";
				VERSION_INFO_PREFIX = "";
			};
			name = Release;
		};
/* End XCBuildConfiguration section */

/* Begin XCConfigurationList section */
		438577D82F4DCFD600EA4DB0 /* Build configuration list for PBXProject "Mount" */ = {
			isa = XCConfigurationList;
			buildConfigurations = (
				438577E22F4DCFD600EA4DB0 /* Debug */,
				438577E32F4DCFD600EA4DB0 /* Release */,
			);
			defaultConfigurationIsVisible = 0;
			defaultConfigurationName = Release;
		};
		439FC1D62F7AA3E100DF76D0 /* Build configuration list for PBXNativeTarget "Mount" */ = {
			isa = XCConfigurationList;
			buildConfigurations = (
				439FC1D42F7AA3E100DF76D0 /* Debug */,
				439FC1D52F7AA3E100DF76D0 /* Release */,
			);
			defaultConfigurationIsVisible = 0;
			defaultConfigurationName = Release;
		};
/* End XCConfigurationList section */
	};
	rootObject = 438577D52F4DCFD600EA4DB0 /* Project object */;
}
